{
  "version": 4,
  "terraform_version": "1.12.2",
  "serial": 166,
  "lineage": "2c9eeaca-2a4f-2f26-3bcd-976aaa741470",
  "outputs": {
    "app_url": {
      "value": null,
      "type": "string"
    }
  },
  "resources": [
    {
      "mode": "managed",
      "type": "azurerm_container_app",
      "name": "mongo",
      "provider": "provider[\"registry.terraform.io/hashicorp/azurerm\"]",
      "instances": [
        {
          "schema_version": 0,
          "attributes": {
            "container_app_environment_id": "/subscriptions/e8bbaa1c-333d-4bcb-bfbc-74c67ceeab23/resourceGroups/smarttracker/providers/Microsoft.App/managedEnvironments/appenv",
            "custom_domain_verification_id": "B6E9175C2B41E0D3CE538172E31DB5817FA14099CC2C05FC0084B48C839BCAD8",
            "dapr": [],
            "id": "/subscriptions/e8bbaa1c-333d-4bcb-bfbc-74c67ceeab23/resourceGroups/smarttracker/providers/Microsoft.App/containerApps/mongodb",
            "identity": [],
            "ingress": [
              {
                "allow_insecure_connections": false,
                "custom_domain": [],
                "exposed_port": 0,
                "external_enabled": false,
                "fqdn": "mongodb.internal.graypond-2c9347ca.eastus.azurecontainerapps.io",
                "ip_security_restriction": [],
                "target_port": 27017,
                "traffic_weight": [
                  {
                    "label": "",
                    "latest_revision": true,
                    "percentage": 100,
                    "revision_suffix": ""
                  }
                ],
                "transport": "auto"
              }
            ],
            "latest_revision_fqdn": "mongodb--jj8x7rw.internal.graypond-2c9347ca.eastus.azurecontainerapps.io",
            "latest_revision_name": "mongodb--jj8x7rw",
            "location": "eastus",
            "name": "mongodb",
            "outbound_ip_addresses": [
              "20.242.180.83"
            ],
            "registry": [],
            "resource_group_name": "smarttracker",
            "revision_mode": "Single",
            "secret": [],
            "tags": {},
            "template": [
              {
                "azure_queue_scale_rule": [],
                "container": [
                  {
                    "args": [],
                    "command": [],
                    "cpu": 0.5,
                    "env": [
                      {
                        "name": "MONGO_INITDB_ROOT_USERNAME",
                        "secret_name": "",
                        "value": "admin"
                      },
                      {
                        "name": "MONGO_INITDB_ROOT_PASSWORD",
                        "secret_name": "",
                        "value": "passwor@123"
                      }
                    ],
                    "ephemeral_storage": "2Gi",
                    "image": "mongo:6.0",
                    "liveness_probe": [],
                    "memory": "1Gi",
                    "name": "mongo",
                    "readiness_probe": [],
                    "startup_probe": [],
                    "volume_mounts": []
                  }
                ],
                "custom_scale_rule": [],
                "http_scale_rule": [],
                "init_container": [],
                "max_replicas": 10,
                "min_replicas": 0,
                "revision_suffix": "",
                "tcp_scale_rule": [],
                "volume": []
              }
            ],
            "timeouts": null,
            "workload_profile_name": ""
          },
          "sensitive_attributes": [
            [
              {
                "type": "get_attr",
                "value": "custom_domain_verification_id"
              }
            ]
          ],
          "identity_schema_version": 0,
          "private": "eyJlMmJmYjczMC1lY2FhLTExZTYtOGY4OC0zNDM2M2JjN2M0YzAiOnsiY3JlYXRlIjoxODAwMDAwMDAwMDAwLCJkZWxldGUiOjE4MDAwMDAwMDAwMDAsInJlYWQiOjMwMDAwMDAwMDAwMCwidXBkYXRlIjoxODAwMDAwMDAwMDAwfX0=",
          "dependencies": [
            "azurerm_container_app_environment.env",
            "azurerm_resource_group.main",
            "azurerm_subnet.containerapps_clean_subnet1",
            "azurerm_virtual_network.vnet"
          ]
        }
      ]
    },
    {
      "mode": "managed",
      "type": "azurerm_container_app_environment",
      "name": "env",
      "provider": "provider[\"registry.terraform.io/hashicorp/azurerm\"]",
      "instances": [
        {
          "schema_version": 0,
          "attributes": {
            "custom_domain_verification_id": "B6E9175C2B41E0D3CE538172E31DB5817FA14099CC2C05FC0084B48C839BCAD8",
            "dapr_application_insights_connection_string": "",
            "default_domain": "graypond-2c9347ca.eastus.azurecontainerapps.io",
            "docker_bridge_cidr": "",
            "id": "/subscriptions/e8bbaa1c-333d-4bcb-bfbc-74c67ceeab23/resourceGroups/smarttracker/providers/Microsoft.App/managedEnvironments/appenv",
            "infrastructure_resource_group_name": "",
            "infrastructure_subnet_id": "/subscriptions/e8bbaa1c-333d-4bcb-bfbc-74c67ceeab23/resourceGroups/smarttracker/providers/Microsoft.Network/virtualNetworks/vnet-container/subnets/containerapps_clean_subnet1",
            "internal_load_balancer_enabled": false,
            "location": "eastus",
            "log_analytics_workspace_id": "",
            "mutual_tls_enabled": false,
            "name": "appenv",
            "platform_reserved_cidr": "10.1.0.0/16",
            "platform_reserved_dns_ip_address": "10.1.0.2",
            "resource_group_name": "smarttracker",
            "static_ip_address": "57.151.59.149",
            "tags": {},
            "timeouts": null,
            "workload_profile": [],
            "zone_redundancy_enabled": false
          },
          "sensitive_attributes": [
            [
              {
                "type": "get_attr",
                "value": "dapr_application_insights_connection_string"
              }
            ]
          ],
          "identity_schema_version": 0,
          "private": "eyJlMmJmYjczMC1lY2FhLTExZTYtOGY4OC0zNDM2M2JjN2M0YzAiOnsiY3JlYXRlIjoxODAwMDAwMDAwMDAwLCJkZWxldGUiOjE4MDAwMDAwMDAwMDAsInJlYWQiOjMwMDAwMDAwMDAwMCwidXBkYXRlIjoxODAwMDAwMDAwMDAwfX0=",
          "dependencies": [
            "azurerm_resource_group.main",
            "azurerm_subnet.containerapps_clean_subnet1",
            "azurerm_virtual_network.vnet"
          ]
        }
      ]
    },
    {
      "mode": "managed",
      "type": "azurerm_container_registry",
      "name": "acr",
      "provider": "provider[\"registry.terraform.io/hashicorp/azurerm\"]",
      "instances": [
        {
          "schema_version": 2,
          "attributes": {
            "admin_enabled": true,
            "admin_password": "3Glm7FvspGV8pDQweUuV8nRyGGh0OOuYwMsIujx7hQ+ACRBQFaAb",
            "admin_username": "smarttracker",
            "anonymous_pull_enabled": false,
            "data_endpoint_enabled": false,
            "encryption": [],
            "export_policy_enabled": true,
            "georeplications": [],
            "id": "/subscriptions/e8bbaa1c-333d-4bcb-bfbc-74c67ceeab23/resourceGroups/smarttracker/providers/Microsoft.ContainerRegistry/registries/smarttracker",
            "identity": [],
            "location": "eastus",
            "login_server": "smarttracker.azurecr.io",
            "name": "smarttracker",
            "network_rule_bypass_option": "AzureServices",
            "network_rule_set": [],
            "public_network_access_enabled": true,
            "quarantine_policy_enabled": false,
            "resource_group_name": "smarttracker",
            "retention_policy_in_days": 0,
            "sku": "Basic",
            "tags": {},
            "timeouts": null,
            "trust_policy_enabled": false,
            "zone_redundancy_enabled": false
          },
          "sensitive_attributes": [
            [
              {
                "type": "get_attr",
                "value": "admin_password"
              }
            ]
          ],
          "identity_schema_version": 0,
          "private": "eyJlMmJmYjczMC1lY2FhLTExZTYtOGY4OC0zNDM2M2JjN2M0YzAiOnsiY3JlYXRlIjoxODAwMDAwMDAwMDAwLCJkZWxldGUiOjE4MDAwMDAwMDAwMDAsInJlYWQiOjMwMDAwMDAwMDAwMCwidXBkYXRlIjoxODAwMDAwMDAwMDAwfSwic2NoZW1hX3ZlcnNpb24iOiIyIn0=",
          "dependencies": [
            "azurerm_resource_group.main"
          ]
        }
      ]
    },
    {
      "mode": "managed",
      "type": "azurerm_resource_group",
      "name": "main",
      "provider": "provider[\"registry.terraform.io/hashicorp/azurerm\"]",
      "instances": [
        {
          "schema_version": 0,
          "attributes": {
            "id": "/subscriptions/e8bbaa1c-333d-4bcb-bfbc-74c67ceeab23/resourceGroups/smarttracker",
            "location": "eastus",
            "managed_by": "",
            "name": "smarttracker",
            "tags": {},
            "timeouts": null
          },
          "sensitive_attributes": [],
          "identity_schema_version": 0,
          "private": "eyJlMmJmYjczMC1lY2FhLTExZTYtOGY4OC0zNDM2M2JjN2M0YzAiOnsiY3JlYXRlIjo1NDAwMDAwMDAwMDAwLCJkZWxldGUiOjU0MDAwMDAwMDAwMDAsInJlYWQiOjMwMDAwMDAwMDAwMCwidXBkYXRlIjo1NDAwMDAwMDAwMDAwfX0="
        }
      ]
    },
    {
      "mode": "managed",
      "type": "azurerm_subnet",
      "name": "containerapps_clean_subnet1",
      "provider": "provider[\"registry.terraform.io/hashicorp/azurerm\"]",
      "instances": [
        {
          "schema_version": 0,
          "attributes": {
            "address_prefixes": [
              "10.0.10.0/23"
            ],
            "default_outbound_access_enabled": true,
            "delegation": [],
            "id": "/subscriptions/e8bbaa1c-333d-4bcb-bfbc-74c67ceeab23/resourceGroups/smarttracker/providers/Microsoft.Network/virtualNetworks/vnet-container/subnets/containerapps_clean_subnet1",
            "name": "containerapps_clean_subnet1",
            "private_endpoint_network_policies": "Disabled",
            "private_link_service_network_policies_enabled": true,
            "resource_group_name": "smarttracker",
            "service_endpoint_policy_ids": [],
            "service_endpoints": [],
            "timeouts": null,
            "virtual_network_name": "vnet-container"
          },
          "sensitive_attributes": [],
          "identity_schema_version": 0,
          "private": "eyJlMmJmYjczMC1lY2FhLTExZTYtOGY4OC0zNDM2M2JjN2M0YzAiOnsiY3JlYXRlIjoxODAwMDAwMDAwMDAwLCJkZWxldGUiOjE4MDAwMDAwMDAwMDAsInJlYWQiOjMwMDAwMDAwMDAwMCwidXBkYXRlIjoxODAwMDAwMDAwMDAwfX0=",
          "dependencies": [
            "azurerm_resource_group.main",
            "azurerm_virtual_network.vnet"
          ]
        }
      ]
    },
    {
      "mode": "managed",
      "type": "azurerm_virtual_network",
      "name": "vnet",
      "provider": "provider[\"registry.terraform.io/hashicorp/azurerm\"]",
      "instances": [
        {
          "schema_version": 0,
          "attributes": {
            "address_space": [
              "10.0.0.0/16"
            ],
            "bgp_community": "",
            "ddos_protection_plan": [],
            "dns_servers": [],
            "edge_zone": "",
            "encryption": [],
            "flow_timeout_in_minutes": 0,
            "guid": "136d266d-1803-495f-b708-651498da7a5f",
            "id": "/subscriptions/e8bbaa1c-333d-4bcb-bfbc-74c67ceeab23/resourceGroups/smarttracker/providers/Microsoft.Network/virtualNetworks/vnet-container",
            "location": "eastus",
            "name": "vnet-container",
            "resource_group_name": "smarttracker",
            "subnet": [
              {
                "address_prefixes": [
                  "10.0.10.0/23"
                ],
                "default_outbound_access_enabled": true,
                "delegation": [],
                "id": "/subscriptions/e8bbaa1c-333d-4bcb-bfbc-74c67ceeab23/resourceGroups/smarttracker/providers/Microsoft.Network/virtualNetworks/vnet-container/subnets/containerapps_clean_subnet1",
                "name": "containerapps_clean_subnet1",
                "private_endpoint_network_policies": "Disabled",
                "private_link_service_network_policies_enabled": true,
                "route_table_id": "",
                "security_group": "",
                "service_endpoint_policy_ids": [],
                "service_endpoints": []
              }
            ],
            "tags": {},
            "timeouts": null
          },
          "sensitive_attributes": [],
          "identity_schema_version": 0,
          "private": "eyJlMmJmYjczMC1lY2FhLTExZTYtOGY4OC0zNDM2M2JjN2M0YzAiOnsiY3JlYXRlIjoxODAwMDAwMDAwMDAwLCJkZWxldGUiOjE4MDAwMDAwMDAwMDAsInJlYWQiOjMwMDAwMDAwMDAwMCwidXBkYXRlIjoxODAwMDAwMDAwMDAwfX0=",
          "dependencies": [
            "azurerm_resource_group.main"
          ]
        }
      ]
    }
  ],
  "check_results": null
}
